Microsoft Visual Studio Solution File, Format Version 10.00
# Visual Studio 2008
Project("{8BC9CEB8-8B4A-11D0-8D11-00A0C91BC942}") = "dwcored", "F:/raccoon/framework/src/core\dwcored.vcproj", "{973BC1AE-37CC-3595-A0AA-54C55E813271}"
EndProject
Project("{8BC9CEB8-8B4A-11D0-8D11-00A0C91BC942}") = "dwgraphicsd", "F:/raccoon/framework/src/graphics\dwgraphicsd.vcproj", "{7669E219-ABE5-3D76-9909-3CBC2F04A971}"
EndProject
Project("{8BC9CEB8-8B4A-11D0-8D11-00A0C91BC942}") = "dwguid", "F:/raccoon/framework/src/gui\dwguid.vcproj", "{7F6486A9-83B1-3DF1-922E-BC10991E574C}"
EndProject
Project("{8BC9CEB8-8B4A-11D0-8D11-00A0C91BC942}") = "dwluabindd", "F:/raccoon/framework/src/luabind\dwluabindd.vcproj", "{CB92AFEE-586C-39CF-A944-2C858D6A33A2}"
EndProject
Project("{8BC9CEB8-8B4A-11D0-8D11-00A0C91BC942}") = "dwappd", "F:/raccoon/framework/src/app\dwappd.vcproj", "{737C8542-049D-3DB0-9705-A58B46FA58A4}"
EndProject
Project("{8BC9CEB8-8B4A-11D0-8D11-00A0C91BC942}") = "test_core", "F:/raccoon/test/src/test_core\test_core.vcproj", "{4DC38FA3-5785-32F0-8809-663C8809E59D}"
EndProject
Project("{8BC9CEB8-8B4A-11D0-8D11-00A0C91BC942}") = "test_graphics", "F:/raccoon/test/src/test_graphics\test_graphics.vcproj", "{C89479D7-3E90-3916-9308-A99065A81234}"
EndProject
Project("{8BC9CEB8-8B4A-11D0-8D11-00A0C91BC942}") = "test_gui", "F:/raccoon/test/src/test_gui\test_gui.vcproj", "{D77D7E16-D852-36D7-BE52-19E1FE3359CE}"
EndProject
Project("{8BC9CEB8-8B4A-11D0-8D11-00A0C91BC942}") = "test_luabind", "F:/raccoon/test/src/test_luabind\test_luabind.vcproj", "{D86481F8-D953-3CE3-ADEE-6A2AD4A41BBA}"
EndProject
Project("{8BC9CEB8-8B4A-11D0-8D11-00A0C91BC942}") = "test_app", "F:/raccoon/test/src/test_app\test_app.vcproj", "{F2D7C5C8-BE32-3C0E-8D4A-2BAAE2FACB12}"
EndProject
Project("{8BC9CEB8-8B4A-11D0-8D11-00A0C91BC942}") = "01simplewindow", "F:/raccoon/examples/src/01simplewindow\01simplewindow.vcproj", "{2D84BDD2-7871-3DA4-B8D2-F679EB7FCFA6}"
EndProject
Project("{8BC9CEB8-8B4A-11D0-8D11-00A0C91BC942}") = "02simplewidgets", "F:/raccoon/examples/src/02simplewidgets\02simplewidgets.vcproj", "{290D0822-2117-3A96-93D3-DCAA8FC2EB0E}"
EndProject
Project("{8BC9CEB8-8B4A-11D0-8D11-00A0C91BC942}") = "03pictureviewer", "F:/raccoon/examples/src/03pictureviewer\03pictureviewer.vcproj", "{E5FFF8C6-A231-3549-B22C-D130590F259A}"
EndProject
Project("{8BC9CEB8-8B4A-11D0-8D11-00A0C91BC942}") = "04physicalgame", "F:/raccoon/examples/src/04physicalgame\04physicalgame.vcproj", "{789ED333-5793-3798-847F-F1BE480625CB}"
EndProject
Project("{8BC9CEB8-8B4A-11D0-8D11-00A0C91BC942}") = "05scriptengine", "F:/raccoon/examples/src/05scriptengine\05scriptengine.vcproj", "{5D3258DE-E76E-3A38-9548-9036FC39E46C}"
EndProject
Project("{8BC9CEB8-8B4A-11D0-8D11-00A0C91BC942}") = "06mainapp", "F:/raccoon/examples/src/06mainapp\06mainapp.vcproj", "{BE0F785F-E458-3DEC-B699-351105C4BCC2}"
EndProject
Project("{8BC9CEB8-8B4A-11D0-8D11-00A0C91BC942}") = "pluginlualibuv", "F:/raccoon/plugins/src/pluginlualibuv\pluginlualibuv.vcproj", "{B63FFF82-7723-3DD1-AC80-36A06DA262EE}"
EndProject
Global
	GlobalSection(SolutionConfiguration) = preSolution
		ConfigName.0 = Debug|Win32
		ConfigName.1 = Release|Win32
	EndGlobalSection
	GlobalSection(ProjectDependencies) = postSolution
		{7669E219-ABE5-3D76-9909-3CBC2F04A971}.0 = {973BC1AE-37CC-3595-A0AA-54C55E813271}
		{7F6486A9-83B1-3DF1-922E-BC10991E574C}.0 = {973BC1AE-37CC-3595-A0AA-54C55E813271}
		{7F6486A9-83B1-3DF1-922E-BC10991E574C}.1 = {7669E219-ABE5-3D76-9909-3CBC2F04A971}
		{CB92AFEE-586C-39CF-A944-2C858D6A33A2}.0 = {973BC1AE-37CC-3595-A0AA-54C55E813271}
		{CB92AFEE-586C-39CF-A944-2C858D6A33A2}.1 = {7F6486A9-83B1-3DF1-922E-BC10991E574C}
		{CB92AFEE-586C-39CF-A944-2C858D6A33A2}.2 = {7669E219-ABE5-3D76-9909-3CBC2F04A971}
		{737C8542-049D-3DB0-9705-A58B46FA58A4}.0 = {973BC1AE-37CC-3595-A0AA-54C55E813271}
		{737C8542-049D-3DB0-9705-A58B46FA58A4}.1 = {7669E219-ABE5-3D76-9909-3CBC2F04A971}
		{737C8542-049D-3DB0-9705-A58B46FA58A4}.2 = {7F6486A9-83B1-3DF1-922E-BC10991E574C}
		{4DC38FA3-5785-32F0-8809-663C8809E59D}.0 = {973BC1AE-37CC-3595-A0AA-54C55E813271}
		{C89479D7-3E90-3916-9308-A99065A81234}.0 = {973BC1AE-37CC-3595-A0AA-54C55E813271}
		{C89479D7-3E90-3916-9308-A99065A81234}.1 = {7669E219-ABE5-3D76-9909-3CBC2F04A971}
		{C89479D7-3E90-3916-9308-A99065A81234}.2 = {7F6486A9-83B1-3DF1-922E-BC10991E574C}
		{D77D7E16-D852-36D7-BE52-19E1FE3359CE}.0 = {973BC1AE-37CC-3595-A0AA-54C55E813271}
		{D77D7E16-D852-36D7-BE52-19E1FE3359CE}.1 = {7669E219-ABE5-3D76-9909-3CBC2F04A971}
		{D77D7E16-D852-36D7-BE52-19E1FE3359CE}.2 = {7F6486A9-83B1-3DF1-922E-BC10991E574C}
		{D86481F8-D953-3CE3-ADEE-6A2AD4A41BBA}.0 = {973BC1AE-37CC-3595-A0AA-54C55E813271}
		{D86481F8-D953-3CE3-ADEE-6A2AD4A41BBA}.1 = {7669E219-ABE5-3D76-9909-3CBC2F04A971}
		{D86481F8-D953-3CE3-ADEE-6A2AD4A41BBA}.2 = {7F6486A9-83B1-3DF1-922E-BC10991E574C}
		{D86481F8-D953-3CE3-ADEE-6A2AD4A41BBA}.3 = {CB92AFEE-586C-39CF-A944-2C858D6A33A2}
		{F2D7C5C8-BE32-3C0E-8D4A-2BAAE2FACB12}.0 = {973BC1AE-37CC-3595-A0AA-54C55E813271}
		{F2D7C5C8-BE32-3C0E-8D4A-2BAAE2FACB12}.1 = {7669E219-ABE5-3D76-9909-3CBC2F04A971}
		{F2D7C5C8-BE32-3C0E-8D4A-2BAAE2FACB12}.2 = {7F6486A9-83B1-3DF1-922E-BC10991E574C}
		{F2D7C5C8-BE32-3C0E-8D4A-2BAAE2FACB12}.3 = {737C8542-049D-3DB0-9705-A58B46FA58A4}
		{2D84BDD2-7871-3DA4-B8D2-F679EB7FCFA6}.0 = {973BC1AE-37CC-3595-A0AA-54C55E813271}
		{2D84BDD2-7871-3DA4-B8D2-F679EB7FCFA6}.1 = {7669E219-ABE5-3D76-9909-3CBC2F04A971}
		{2D84BDD2-7871-3DA4-B8D2-F679EB7FCFA6}.2 = {7F6486A9-83B1-3DF1-922E-BC10991E574C}
		{290D0822-2117-3A96-93D3-DCAA8FC2EB0E}.0 = {973BC1AE-37CC-3595-A0AA-54C55E813271}
		{290D0822-2117-3A96-93D3-DCAA8FC2EB0E}.1 = {7669E219-ABE5-3D76-9909-3CBC2F04A971}
		{290D0822-2117-3A96-93D3-DCAA8FC2EB0E}.2 = {7F6486A9-83B1-3DF1-922E-BC10991E574C}
		{E5FFF8C6-A231-3549-B22C-D130590F259A}.0 = {973BC1AE-37CC-3595-A0AA-54C55E813271}
		{E5FFF8C6-A231-3549-B22C-D130590F259A}.1 = {7669E219-ABE5-3D76-9909-3CBC2F04A971}
		{E5FFF8C6-A231-3549-B22C-D130590F259A}.2 = {7F6486A9-83B1-3DF1-922E-BC10991E574C}
		{789ED333-5793-3798-847F-F1BE480625CB}.0 = {973BC1AE-37CC-3595-A0AA-54C55E813271}
		{789ED333-5793-3798-847F-F1BE480625CB}.1 = {7669E219-ABE5-3D76-9909-3CBC2F04A971}
		{789ED333-5793-3798-847F-F1BE480625CB}.2 = {7F6486A9-83B1-3DF1-922E-BC10991E574C}
		{5D3258DE-E76E-3A38-9548-9036FC39E46C}.0 = {973BC1AE-37CC-3595-A0AA-54C55E813271}
		{5D3258DE-E76E-3A38-9548-9036FC39E46C}.1 = {7669E219-ABE5-3D76-9909-3CBC2F04A971}
		{5D3258DE-E76E-3A38-9548-9036FC39E46C}.2 = {7F6486A9-83B1-3DF1-922E-BC10991E574C}
		{5D3258DE-E76E-3A38-9548-9036FC39E46C}.3 = {CB92AFEE-586C-39CF-A944-2C858D6A33A2}
		{BE0F785F-E458-3DEC-B699-351105C4BCC2}.0 = {973BC1AE-37CC-3595-A0AA-54C55E813271}
		{BE0F785F-E458-3DEC-B699-351105C4BCC2}.1 = {7669E219-ABE5-3D76-9909-3CBC2F04A971}
		{BE0F785F-E458-3DEC-B699-351105C4BCC2}.2 = {7F6486A9-83B1-3DF1-922E-BC10991E574C}
		{BE0F785F-E458-3DEC-B699-351105C4BCC2}.3 = {CB92AFEE-586C-39CF-A944-2C858D6A33A2}
		{BE0F785F-E458-3DEC-B699-351105C4BCC2}.4 = {737C8542-049D-3DB0-9705-A58B46FA58A4}
		{B63FFF82-7723-3DD1-AC80-36A06DA262EE}.0 = {973BC1AE-37CC-3595-A0AA-54C55E813271}
		{B63FFF82-7723-3DD1-AC80-36A06DA262EE}.1 = {7F6486A9-83B1-3DF1-922E-BC10991E574C}
		{B63FFF82-7723-3DD1-AC80-36A06DA262EE}.2 = {7669E219-ABE5-3D76-9909-3CBC2F04A971}
		{B63FFF82-7723-3DD1-AC80-36A06DA262EE}.3 = {CB92AFEE-586C-39CF-A944-2C858D6A33A2}
	EndGlobalSection
	GlobalSection(ProjectConfiguration) = postSolution
		{973BC1AE-37CC-3595-A0AA-54C55E813271}.Debug|Win32.ActiveCfg = Debug|Win32
		{973BC1AE-37CC-3595-A0AA-54C55E813271}.Debug|Win32.Build.0 = Debug|Win32
		{973BC1AE-37CC-3595-A0AA-54C55E813271}.Release|Win32.ActiveCfg = Release|Win32
		{973BC1AE-37CC-3595-A0AA-54C55E813271}.Release|Win32.Build.0 = Release|Win32
		{7669E219-ABE5-3D76-9909-3CBC2F04A971}.Debug|Win32.ActiveCfg = Debug|Win32
		{7669E219-ABE5-3D76-9909-3CBC2F04A971}.Debug|Win32.Build.0 = Debug|Win32
		{7669E219-ABE5-3D76-9909-3CBC2F04A971}.Release|Win32.ActiveCfg = Release|Win32
		{7669E219-ABE5-3D76-9909-3CBC2F04A971}.Release|Win32.Build.0 = Release|Win32
		{7F6486A9-83B1-3DF1-922E-BC10991E574C}.Debug|Win32.ActiveCfg = Debug|Win32
		{7F6486A9-83B1-3DF1-922E-BC10991E574C}.Debug|Win32.Build.0 = Debug|Win32
		{7F6486A9-83B1-3DF1-922E-BC10991E574C}.Release|Win32.ActiveCfg = Release|Win32
		{7F6486A9-83B1-3DF1-922E-BC10991E574C}.Release|Win32.Build.0 = Release|Win32
		{CB92AFEE-586C-39CF-A944-2C858D6A33A2}.Debug|Win32.ActiveCfg = Debug|Win32
		{CB92AFEE-586C-39CF-A944-2C858D6A33A2}.Debug|Win32.Build.0 = Debug|Win32
		{CB92AFEE-586C-39CF-A944-2C858D6A33A2}.Release|Win32.ActiveCfg = Release|Win32
		{CB92AFEE-586C-39CF-A944-2C858D6A33A2}.Release|Win32.Build.0 = Release|Win32
		{737C8542-049D-3DB0-9705-A58B46FA58A4}.Debug|Win32.ActiveCfg = Debug|Win32
		{737C8542-049D-3DB0-9705-A58B46FA58A4}.Debug|Win32.Build.0 = Debug|Win32
		{737C8542-049D-3DB0-9705-A58B46FA58A4}.Release|Win32.ActiveCfg = Release|Win32
		{737C8542-049D-3DB0-9705-A58B46FA58A4}.Release|Win32.Build.0 = Release|Win32
		{4DC38FA3-5785-32F0-8809-663C8809E59D}.Debug|Win32.ActiveCfg = Debug|Win32
		{4DC38FA3-5785-32F0-8809-663C8809E59D}.Debug|Win32.Build.0 = Debug|Win32
		{4DC38FA3-5785-32F0-8809-663C8809E59D}.Release|Win32.ActiveCfg = Release|Win32
		{4DC38FA3-5785-32F0-8809-663C8809E59D}.Release|Win32.Build.0 = Release|Win32
		{C89479D7-3E90-3916-9308-A99065A81234}.Debug|Win32.ActiveCfg = Debug|Win32
		{C89479D7-3E90-3916-9308-A99065A81234}.Debug|Win32.Build.0 = Debug|Win32
		{C89479D7-3E90-3916-9308-A99065A81234}.Release|Win32.ActiveCfg = Release|Win32
		{C89479D7-3E90-3916-9308-A99065A81234}.Release|Win32.Build.0 = Release|Win32
		{D77D7E16-D852-36D7-BE52-19E1FE3359CE}.Debug|Win32.ActiveCfg = Debug|Win32
		{D77D7E16-D852-36D7-BE52-19E1FE3359CE}.Debug|Win32.Build.0 = Debug|Win32
		{D77D7E16-D852-36D7-BE52-19E1FE3359CE}.Release|Win32.ActiveCfg = Release|Win32
		{D77D7E16-D852-36D7-BE52-19E1FE3359CE}.Release|Win32.Build.0 = Release|Win32
		{D86481F8-D953-3CE3-ADEE-6A2AD4A41BBA}.Debug|Win32.ActiveCfg = Debug|Win32
		{D86481F8-D953-3CE3-ADEE-6A2AD4A41BBA}.Debug|Win32.Build.0 = Debug|Win32
		{D86481F8-D953-3CE3-ADEE-6A2AD4A41BBA}.Release|Win32.ActiveCfg = Release|Win32
		{D86481F8-D953-3CE3-ADEE-6A2AD4A41BBA}.Release|Win32.Build.0 = Release|Win32
		{F2D7C5C8-BE32-3C0E-8D4A-2BAAE2FACB12}.Debug|Win32.ActiveCfg = Debug|Win32
		{F2D7C5C8-BE32-3C0E-8D4A-2BAAE2FACB12}.Debug|Win32.Build.0 = Debug|Win32
		{F2D7C5C8-BE32-3C0E-8D4A-2BAAE2FACB12}.Release|Win32.ActiveCfg = Release|Win32
		{F2D7C5C8-BE32-3C0E-8D4A-2BAAE2FACB12}.Release|Win32.Build.0 = Release|Win32
		{2D84BDD2-7871-3DA4-B8D2-F679EB7FCFA6}.Debug|Win32.ActiveCfg = Debug|Win32
		{2D84BDD2-7871-3DA4-B8D2-F679EB7FCFA6}.Debug|Win32.Build.0 = Debug|Win32
		{2D84BDD2-7871-3DA4-B8D2-F679EB7FCFA6}.Release|Win32.ActiveCfg = Release|Win32
		{2D84BDD2-7871-3DA4-B8D2-F679EB7FCFA6}.Release|Win32.Build.0 = Release|Win32
		{290D0822-2117-3A96-93D3-DCAA8FC2EB0E}.Debug|Win32.ActiveCfg = Debug|Win32
		{290D0822-2117-3A96-93D3-DCAA8FC2EB0E}.Debug|Win32.Build.0 = Debug|Win32
		{290D0822-2117-3A96-93D3-DCAA8FC2EB0E}.Release|Win32.ActiveCfg = Release|Win32
		{290D0822-2117-3A96-93D3-DCAA8FC2EB0E}.Release|Win32.Build.0 = Release|Win32
		{E5FFF8C6-A231-3549-B22C-D130590F259A}.Debug|Win32.ActiveCfg = Debug|Win32
		{E5FFF8C6-A231-3549-B22C-D130590F259A}.Debug|Win32.Build.0 = Debug|Win32
		{E5FFF8C6-A231-3549-B22C-D130590F259A}.Release|Win32.ActiveCfg = Release|Win32
		{E5FFF8C6-A231-3549-B22C-D130590F259A}.Release|Win32.Build.0 = Release|Win32
		{789ED333-5793-3798-847F-F1BE480625CB}.Debug|Win32.ActiveCfg = Debug|Win32
		{789ED333-5793-3798-847F-F1BE480625CB}.Debug|Win32.Build.0 = Debug|Win32
		{789ED333-5793-3798-847F-F1BE480625CB}.Release|Win32.ActiveCfg = Release|Win32
		{789ED333-5793-3798-847F-F1BE480625CB}.Release|Win32.Build.0 = Release|Win32
		{5D3258DE-E76E-3A38-9548-9036FC39E46C}.Debug|Win32.ActiveCfg = Debug|Win32
		{5D3258DE-E76E-3A38-9548-9036FC39E46C}.Debug|Win32.Build.0 = Debug|Win32
		{5D3258DE-E76E-3A38-9548-9036FC39E46C}.Release|Win32.ActiveCfg = Release|Win32
		{5D3258DE-E76E-3A38-9548-9036FC39E46C}.Release|Win32.Build.0 = Release|Win32
		{BE0F785F-E458-3DEC-B699-351105C4BCC2}.Debug|Win32.ActiveCfg = Debug|Win32
		{BE0F785F-E458-3DEC-B699-351105C4BCC2}.Debug|Win32.Build.0 = Debug|Win32
		{BE0F785F-E458-3DEC-B699-351105C4BCC2}.Release|Win32.ActiveCfg = Release|Win32
		{BE0F785F-E458-3DEC-B699-351105C4BCC2}.Release|Win32.Build.0 = Release|Win32
		{B63FFF82-7723-3DD1-AC80-36A06DA262EE}.Debug|Win32.ActiveCfg = Debug|Win32
		{B63FFF82-7723-3DD1-AC80-36A06DA262EE}.Debug|Win32.Build.0 = Debug|Win32
		{B63FFF82-7723-3DD1-AC80-36A06DA262EE}.Release|Win32.ActiveCfg = Release|Win32
		{B63FFF82-7723-3DD1-AC80-36A06DA262EE}.Release|Win32.Build.0 = Release|Win32
	EndGlobalSection
	GlobalSection(ExtensibilityGlobals) = postSolution
	EndGlobalSection
	GlobalSection(ExtensibilityAddIns) = postSolution
	EndGlobalSection
EndGlobal